
Microsoft Visual Studio Solution File, Format Version 12.00
# Visual Studio Version 16
VisualStudioVersion = 16.0.30907.101
MinimumVisualStudioVersion = 10.0.40219.1
Project("{FAE04EC0-301F-11D3-BF4B-00C04F79EFBC}") = "BlazorApp1.Server", "BlazorApp1\Server\BlazorApp1.Server.csproj", "{000413E0-21D3-4FE2-A813-C23AF7A09677}"
EndProject
Project("{FAE04EC0-301F-11D3-BF4B-00C04F79EFBC}") = "BlazorApp1.Client", "BlazorApp1\Client\BlazorApp1.Client.csproj", "{EB30905A-EE54-443C-A48B-F01497166FB0}"
EndProject
Project("{FAE04EC0-301F-11D3-BF4B-00C04F79EFBC}") = "BlazorApp1.Shared", "BlazorApp1\Shared\BlazorApp1.Shared.csproj", "{FCAD84F6-4969-410A-990F-47D9A6024B1E}"
EndProject
Global
	GlobalSection(SolutionConfigurationPlatforms) = preSolution
		Debug|Any CPU = Debug|Any CPU
		Release|Any CPU = Release|Any CPU
	EndGlobalSection
	GlobalSection(ProjectConfigurationPlatforms) = postSolution
		{000413E0-21D3-4FE2-A813-C23AF7A09677}.Debug|Any CPU.ActiveCfg = Debug|Any CPU
		{000413E0-21D3-4FE2-A813-C23AF7A09677}.Debug|Any CPU.Build.0 = Debug|Any CPU
		{000413E0-21D3-4FE2-A813-C23AF7A09677}.Release|Any CPU.ActiveCfg = Release|Any CPU
		{000413E0-21D3-4FE2-A813-C23AF7A09677}.Release|Any CPU.Build.0 = Release|Any CPU
		{EB30905A-EE54-443C-A48B-F01497166FB0}.Debug|Any CPU.ActiveCfg = Debug|Any CPU
		{EB30905A-EE54-443C-A48B-F01497166FB0}.Debug|Any CPU.Build.0 = Debug|Any CPU
		{EB30905A-EE54-443C-A48B-F01497166FB0}.Release|Any CPU.ActiveCfg = Release|Any CPU
		{EB30905A-EE54-443C-A48B-F01497166FB0}.Release|Any CPU.Build.0 = Release|Any CPU
		{FCAD84F6-4969-410A-990F-47D9A6024B1E}.Debug|Any CPU.ActiveCfg = Debug|Any CPU
		{FCAD84F6-4969-410A-990F-47D9A6024B1E}.Debug|Any CPU.Build.0 = Debug|Any CPU
		{FCAD84F6-4969-410A-990F-47D9A6024B1E}.Release|Any CPU.ActiveCfg = Release|Any CPU
		{FCAD84F6-4969-410A-990F-47D9A6024B1E}.Release|Any CPU.Build.0 = Release|Any CPU
	EndGlobalSection
	GlobalSection(SolutionProperties) = preSolution
		HideSolutionNode = FALSE
	EndGlobalSection
	GlobalSection(ExtensibilityGlobals) = postSolution
		SolutionGuid = {45F79F45-0B56-4FF7-B35F-00F8CBC28CD7}
	EndGlobalSection
EndGlobal
